
Microsoft Visual Studio Solution File, Format Version 12.00
Project("{FAE04EC0-301F-11D3-BF4B-00C04F79EFBC}") = "InteractiveAI", "InteractiveAI.csproj", "{409F0780-6EA2-423B-B54D-8C74727DCEC9}"
EndProject
Global
	GlobalSection(SolutionConfigurationPlatforms) = preSolution
		Debug|Any CPU = Debug|Any CPU
		Release|Any CPU = Release|Any CPU
	EndGlobalSection
	GlobalSection(ProjectConfigurationPlatforms) = postSolution
		{409F0780-6EA2-423B-B54D-8C74727DCEC9}.Debug|Any CPU.ActiveCfg = Debug|Any CPU
		{409F0780-6EA2-423B-B54D-8C74727DCEC9}.Debug|Any CPU.Build.0 = Debug|Any CPU
		{409F0780-6EA2-423B-B54D-8C74727DCEC9}.Release|Any CPU.ActiveCfg = Release|Any CPU
		{409F0780-6EA2-423B-B54D-8C74727DCEC9}.Release|Any CPU.Build.0 = Release|Any CPU
	EndGlobalSection
EndGlobal
